
Microsoft Visual Studio Solution File, Format Version 12.00
# Visual Studio Version 17
VisualStudioVersion = 17.14.36705.20 d17.14
MinimumVisualStudioVersion = 10.0.40219.1
Project("{FAE04EC0-301F-11D3-BF4B-00C04F79EFBC}") = "esercizziStringhe", "esercizziStringhe\esercizziStringhe.csproj", "{CF2CEEFA-BB2A-4023-AC4C-C1BE7F7DCDB9}"
EndProject
Project("{FAE04EC0-301F-11D3-BF4B-00C04F79EFBC}") = "esercizio 2", "esercizio 2\esercizio 2.csproj", "{1FE433C1-D022-4D47-9F00-FEA17E10F41F}"
EndProject
Global
	GlobalSection(SolutionConfigurationPlatforms) = preSolution
		Debug|Any CPU = Debug|Any CPU
		Release|Any CPU = Release|Any CPU
	EndGlobalSection
	GlobalSection(ProjectConfigurationPlatforms) = postSolution
		{CF2CEEFA-BB2A-4023-AC4C-C1BE7F7DCDB9}.Debug|Any CPU.ActiveCfg = Debug|Any CPU
		{CF2CEEFA-BB2A-4023-AC4C-C1BE7F7DCDB9}.Debug|Any CPU.Build.0 = Debug|Any CPU
		{CF2CEEFA-BB2A-4023-AC4C-C1BE7F7DCDB9}.Release|Any CPU.ActiveCfg = Release|Any CPU
		{CF2CEEFA-BB2A-4023-AC4C-C1BE7F7DCDB9}.Release|Any CPU.Build.0 = Release|Any CPU
		{1FE433C1-D022-4D47-9F00-FEA17E10F41F}.Debug|Any CPU.ActiveCfg = Debug|Any CPU
		{1FE433C1-D022-4D47-9F00-FEA17E10F41F}.Debug|Any CPU.Build.0 = Debug|Any CPU
		{1FE433C1-D022-4D47-9F00-FEA17E10F41F}.Release|Any CPU.ActiveCfg = Release|Any CPU
		{1FE433C1-D022-4D47-9F00-FEA17E10F41F}.Release|Any CPU.Build.0 = Release|Any CPU
	EndGlobalSection
	GlobalSection(SolutionProperties) = preSolution
		HideSolutionNode = FALSE
	EndGlobalSection
	GlobalSection(ExtensibilityGlobals) = postSolution
		SolutionGuid = {640BA13A-FC40-454A-966D-2789AE99E8FF}
	EndGlobalSection
EndGlobal
